github.com/gorilla/context v1.1.1 h1:AWwleXJkX/nhcU9bZSnZoi3h/qGYqQAGhq6zZe/aQW8=
github.com/gorilla/context v1.1.1/go.mod h1:kBGZzfjB9CEq2AlWe17Uuf7NDRt0dE0s8S51q0aT7Yg=
github.com/gorilla/websocket v1.5.0 h1:PPwGk2jz7EePpoHN/+ClbZu8SPxiqlu12wZP/3sWmnc=
github.com/gorilla/websocket v1.5.0/go.mod h1:YR8l580nyteQvAITg2hZ9XVh4b55+EU/adAjf1fMHhE=
github.com/mbarbita/go-cfgutils v0.1.1 h1:1asXc1UyF9CQBOQRRJqUkYkg1ie5P0tH4+kLptJ6NT4=
github.com/mbarbita/go-cfgutils v0.1.1/go.mod h1:pdZ2don5BPiG3UxXAGB20LxoyYqPbUsJpxWhVEfN1EI=
